
Microsoft Visual Studio Solution File, Format Version 12.00
# Visual Studio 15
Project("{FAE04EC0-301F-11D3-BF4B-00C04F79EFBC}") = "Assembly-CSharp", "Assembly-CSharp.csproj", "{43CC4F83-14C0-1076-7A47-368059E81955}"
EndProject
Project("{FAE04EC0-301F-11D3-BF4B-00C04F79EFBC}") = "Assembly-CSharp-Editor", "Assembly-CSharp-Editor.csproj", "{CAB7F213-6C69-1F93-F38C-ACD79F5AA718}"
EndProject
Global
	GlobalSection(SolutionConfigurationPlatforms) = preSolution
		Debug|Any CPU = Debug|Any CPU
		Release|Any CPU = Release|Any CPU
	EndGlobalSection
	GlobalSection(ProjectConfigurationPlatforms) = postSolution
		{43CC4F83-14C0-1076-7A47-368059E81955}.Debug|Any CPU.ActiveCfg = Debug|Any CPU
		{43CC4F83-14C0-1076-7A47-368059E81955}.Debug|Any CPU.Build.0 = Debug|Any CPU
		{43CC4F83-14C0-1076-7A47-368059E81955}.Release|Any CPU.ActiveCfg = Release|Any CPU
		{43CC4F83-14C0-1076-7A47-368059E81955}.Release|Any CPU.Build.0 = Release|Any CPU
		{CAB7F213-6C69-1F93-F38C-ACD79F5AA718}.Debug|Any CPU.ActiveCfg = Debug|Any CPU
		{CAB7F213-6C69-1F93-F38C-ACD79F5AA718}.Debug|Any CPU.Build.0 = Debug|Any CPU
		{CAB7F213-6C69-1F93-F38C-ACD79F5AA718}.Release|Any CPU.ActiveCfg = Release|Any CPU
		{CAB7F213-6C69-1F93-F38C-ACD79F5AA718}.Release|Any CPU.Build.0 = Release|Any CPU
	EndGlobalSection
	GlobalSection(SolutionProperties) = preSolution
		HideSolutionNode = FALSE
	EndGlobalSection
EndGlobal
